// !$*UTF8*$!
{
	archiveVersion = 1;
	classes = {
	};
	objectVersion = 56;
	objects = {

/* Begin PBXBuildFile section */
		1C10318D2965DD89005512C6 /* AppDelegate.swift in Sources */ = {isa = PBXBuildFile; fileRef = 1C10318C2965DD89005512C6 /* AppDelegate.swift */; };
		1C1031962965DD8A005512C6 /* Assets.xcassets in Resources */ = {isa = PBXBuildFile; fileRef = 1C1031952965DD8A005512C6 /* Assets.xcassets */; };
		1C1031992965DD8A005512C6 /* LaunchScreen.storyboard in Resources */ = {isa = PBXBuildFile; fileRef = 1C1031972965DD8A005512C6 /* LaunchScreen.storyboard */; };
		1C1031A42965DD8A005512C6 /* SwishBossTests.swift in Sources */ = {isa = PBXBuildFile; fileRef = 1C1031A32965DD8A005512C6 /* SwishBossTests.swift */; };
		1C1031AE2965DD8A005512C6 /* SwishBossUITests.swift in Sources */ = {isa = PBXBuildFile; fileRef = 1C1031AD2965DD8A005512C6 /* SwishBossUITests.swift */; };
		1C1031B02965DD8A005512C6 /* SwishBossUITestsLaunchTests.swift in Sources */ = {isa = PBXBuildFile; fileRef = 1C1031AF2965DD8A005512C6 /* SwishBossUITestsLaunchTests.swift */; };
		1C1031BE2965E409005512C6 /* HomeViewController.swift in Sources */ = {isa = PBXBuildFile; fileRef = 1C1031BC2965E409005512C6 /* HomeViewController.swift */; };
		1C1031BF2965E409005512C6 /* HomeViewController.xib in Resources */ = {isa = PBXBuildFile; fileRef = 1C1031BD2965E409005512C6 /* HomeViewController.xib */; };
		1C1031C32965EB40005512C6 /* DeliveryTourJSONService.swift in Sources */ = {isa = PBXBuildFile; fileRef = 1C1031C22965EB40005512C6 /* DeliveryTourJSONService.swift */; };
		1C1031C72965EBBC005512C6 /* DeliveryTour.swift in Sources */ = {isa = PBXBuildFile; fileRef = 1C1031C62965EBBC005512C6 /* DeliveryTour.swift */; };
		1C1031C92965EBE7005512C6 /* DeliveryTourService.swift in Sources */ = {isa = PBXBuildFile; fileRef = 1C1031C82965EBE7005512C6 /* DeliveryTourService.swift */; };
		1C1031CB2965EDA6005512C6 /* Deliverer.swift in Sources */ = {isa = PBXBuildFile; fileRef = 1C1031CA2965EDA6005512C6 /* Deliverer.swift */; };
		1C1031CD2965EE00005512C6 /* Parcel.swift in Sources */ = {isa = PBXBuildFile; fileRef = 1C1031CC2965EE00005512C6 /* Parcel.swift */; };
		1C1031D02965EF5E005512C6 /* Address.swift in Sources */ = {isa = PBXBuildFile; fileRef = 1C1031CF2965EF5E005512C6 /* Address.swift */; };
		1C1031D22965F1BB005512C6 /* Image.swift in Sources */ = {isa = PBXBuildFile; fileRef = 1C1031D12965F1BB005512C6 /* Image.swift */; };
		3E7E2AA2299E975000BD8C8A /* Token.swift in Sources */ = {isa = PBXBuildFile; fileRef = 3E7E2AA1299E975000BD8C8A /* Token.swift */; };
		3E7E2AA5299E97D500BD8C8A /* LoginViewController.swift in Sources */ = {isa = PBXBuildFile; fileRef = 3E7E2AA3299E97D500BD8C8A /* LoginViewController.swift */; };
		3E7E2AA6299E97D500BD8C8A /* LoginViewController.xib in Resources */ = {isa = PBXBuildFile; fileRef = 3E7E2AA4299E97D500BD8C8A /* LoginViewController.xib */; };
		3E7E2AA8299EA40D00BD8C8A /* DelivererWebService.swift in Sources */ = {isa = PBXBuildFile; fileRef = 3E7E2AA7299EA40D00BD8C8A /* DelivererWebService.swift */; };
		3EEAA06E29A17F5100367478 /* DelivererViewController.swift in Sources */ = {isa = PBXBuildFile; fileRef = 3EEAA06C29A17F5100367478 /* DelivererViewController.swift */; };
		3EEAA06F29A17F5100367478 /* DelivererViewController.xib in Resources */ = {isa = PBXBuildFile; fileRef = 3EEAA06D29A17F5100367478 /* DelivererViewController.xib */; };
		3EEAA07229A7DD1900367478 /* DelivererCollectionViewCell.swift in Sources */ = {isa = PBXBuildFile; fileRef = 3EEAA07029A7DD1900367478 /* DelivererCollectionViewCell.swift */; };
		3EEAA07329A7DD1900367478 /* DelivererCollectionViewCell.xib in Resources */ = {isa = PBXBuildFile; fileRef = 3EEAA07129A7DD1900367478 /* DelivererCollectionViewCell.xib */; };
		3EEAA07629A90F8E00367478 /* ModalCreateDelivererViewController.swift in Sources */ = {isa = PBXBuildFile; fileRef = 3EEAA07429A90F8E00367478 /* ModalCreateDelivererViewController.swift */; };
		3EEAA07729A90F8E00367478 /* ModalCreateDelivererViewController.xib in Resources */ = {isa = PBXBuildFile; fileRef = 3EEAA07529A90F8E00367478 /* ModalCreateDelivererViewController.xib */; };
		3EEAA07E29A92C8100367478 /* ModalModifyDelivererViewController.swift in Sources */ = {isa = PBXBuildFile; fileRef = 3EEAA07C29A92C8100367478 /* ModalModifyDelivererViewController.swift */; };
		3EEAA07F29A92C8100367478 /* ModalModifyDelivererViewController.xib in Resources */ = {isa = PBXBuildFile; fileRef = 3EEAA07D29A92C8100367478 /* ModalModifyDelivererViewController.xib */; };
		3EEAA08129AA3C0300367478 /* AttachmentFile.swift in Sources */ = {isa = PBXBuildFile; fileRef = 3EEAA08029AA3C0300367478 /* AttachmentFile.swift */; };
		3EEAA08429AA817900367478 /* ToursTableViewCell.swift in Sources */ = {isa = PBXBuildFile; fileRef = 3EEAA08229AA817900367478 /* ToursTableViewCell.swift */; };
		3EEAA08529AA817900367478 /* ToursTableViewCell.xib in Resources */ = {isa = PBXBuildFile; fileRef = 3EEAA08329AA817900367478 /* ToursTableViewCell.xib */; };
		3EEAA08729AA987F00367478 /* DeliveryTourAPIService.swift in Sources */ = {isa = PBXBuildFile; fileRef = 3EEAA08629AA987F00367478 /* DeliveryTourAPIService.swift */; };
		3EEAA08A29AA98DE00367478 /* APIRequest.swift in Sources */ = {isa = PBXBuildFile; fileRef = 3EEAA08929AA98DE00367478 /* APIRequest.swift */; };
		3EEAA08D29AAC7FB00367478 /* ProofDeliveryViewController.swift in Sources */ = {isa = PBXBuildFile; fileRef = 3EEAA08B29AAC7FB00367478 /* ProofDeliveryViewController.swift */; };
		3EEAA08E29AAC7FB00367478 /* ProofDeliveryViewController.xib in Resources */ = {isa = PBXBuildFile; fileRef = 3EEAA08C29AAC7FB00367478 /* ProofDeliveryViewController.xib */; };
		3EEAA09129AAD26600367478 /* ProofDeliveryCollectionViewCell.swift in Sources */ = {isa = PBXBuildFile; fileRef = 3EEAA08F29AAD26600367478 /* ProofDeliveryCollectionViewCell.swift */; };
		3EEAA09229AAD26600367478 /* ProofDeliveryCollectionViewCell.xib in Resources */ = {isa = PBXBuildFile; fileRef = 3EEAA09029AAD26600367478 /* ProofDeliveryCollectionViewCell.xib */; };
/* End PBXBuildFile section */

/* Begin PBXContainerItemProxy section */
		1C1031A02965DD8A005512C6 /* PBXContainerItemProxy */ = {
			isa = PBXContainerItemProxy;
			containerPortal = 1C1031812965DD89005512C6 /* Project object */;
			proxyType = 1;
			remoteGlobalIDString = 1C1031882965DD89005512C6;
			remoteInfo = SwishBoss;
		};
		1C1031AA2965DD8A005512C6 /* PBXContainerItemProxy */ = {
			isa = PBXContainerItemProxy;
			containerPortal = 1C1031812965DD89005512C6 /* Project object */;
			proxyType = 1;
			remoteGlobalIDString = 1C1031882965DD89005512C6;
			remoteInfo = SwishBoss;
		};
/* End PBXContainerItemProxy section */

/* Begin PBXFileReference section */
		1C1031892965DD89005512C6 /* SwishBoss.app */ = {isa = PBXFileReference; explicitFileType = wrapper.application; includeInIndex = 0; path = SwishBoss.app; sourceTree = BUILT_PRODUCTS_DIR; };
		1C10318C2965DD89005512C6 /* AppDelegate.swift */ = {isa = PBXFileReference; lastKnownFileType = sourcecode.swift; path = AppDelegate.swift; sourceTree = "<group>"; };
		1C1031952965DD8A005512C6 /* Assets.xcassets */ = {isa = PBXFileReference; lastKnownFileType = folder.assetcatalog; path = Assets.xcassets; sourceTree = "<group>"; };
		1C1031982965DD8A005512C6 /* Base */ = {isa = PBXFileReference; lastKnownFileType = file.storyboard; name = Base; path = Base.lproj/LaunchScreen.storyboard; sourceTree = "<group>"; };
		1C10319A2965DD8A005512C6 /* Info.plist */ = {isa = PBXFileReference; lastKnownFileType = text.plist.xml; path = Info.plist; sourceTree = "<group>"; };
		1C10319F2965DD8A005512C6 /* SwishBossTests.xctest */ = {isa = PBXFileReference; explicitFileType = wrapper.cfbundle; includeInIndex = 0; path = SwishBossTests.xctest; sourceTree = BUILT_PRODUCTS_DIR; };
		1C1031A32965DD8A005512C6 /* SwishBossTests.swift */ = {isa = PBXFileReference; lastKnownFileType = sourcecode.swift; path = SwishBossTests.swift; sourceTree = "<group>"; };
		1C1031A92965DD8A005512C6 /* SwishBossUITests.xctest */ = {isa = PBXFileReference; explicitFileType = wrapper.cfbundle; includeInIndex = 0; path = SwishBossUITests.xctest; sourceTree = BUILT_PRODUCTS_DIR; };
		1C1031AD2965DD8A005512C6 /* SwishBossUITests.swift */ = {isa = PBXFileReference; lastKnownFileType = sourcecode.swift; path = SwishBossUITests.swift; sourceTree = "<group>"; };
		1C1031AF2965DD8A005512C6 /* SwishBossUITestsLaunchTests.swift */ = {isa = PBXFileReference; lastKnownFileType = sourcecode.swift; path = SwishBossUITestsLaunchTests.swift; sourceTree = "<group>"; };
		1C1031BC2965E409005512C6 /* HomeViewController.swift */ = {isa = PBXFileReference; lastKnownFileType = sourcecode.swift; path = HomeViewController.swift; sourceTree = "<group>"; };
		1C1031BD2965E409005512C6 /* HomeViewController.xib */ = {isa = PBXFileReference; lastKnownFileType = file.xib; path = HomeViewController.xib; sourceTree = "<group>"; };
		1C1031C22965EB40005512C6 /* DeliveryTourJSONService.swift */ = {isa = PBXFileReference; lastKnownFileType = sourcecode.swift; path = DeliveryTourJSONService.swift; sourceTree = "<group>"; };
		1C1031C62965EBBC005512C6 /* DeliveryTour.swift */ = {isa = PBXFileReference; lastKnownFileType = sourcecode.swift; path = DeliveryTour.swift; sourceTree = "<group>"; };
		1C1031C82965EBE7005512C6 /* DeliveryTourService.swift */ = {isa = PBXFileReference; lastKnownFileType = sourcecode.swift; path = DeliveryTourService.swift; sourceTree = "<group>"; };
		1C1031CA2965EDA6005512C6 /* Deliverer.swift */ = {isa = PBXFileReference; lastKnownFileType = sourcecode.swift; path = Deliverer.swift; sourceTree = "<group>"; };
		1C1031CC2965EE00005512C6 /* Parcel.swift */ = {isa = PBXFileReference; lastKnownFileType = sourcecode.swift; path = Parcel.swift; sourceTree = "<group>"; };
		1C1031CF2965EF5E005512C6 /* Address.swift */ = {isa = PBXFileReference; lastKnownFileType = sourcecode.swift; path = Address.swift; sourceTree = "<group>"; };
		1C1031D12965F1BB005512C6 /* Image.swift */ = {isa = PBXFileReference; lastKnownFileType = sourcecode.swift; path = Image.swift; sourceTree = "<group>"; };
		3E7E2AA1299E975000BD8C8A /* Token.swift */ = {isa = PBXFileReference; lastKnownFileType = sourcecode.swift; path = Token.swift; sourceTree = "<group>"; };
		3E7E2AA3299E97D500BD8C8A /* LoginViewController.swift */ = {isa = PBXFileReference; lastKnownFileType = sourcecode.swift; path = LoginViewController.swift; sourceTree = "<group>"; };
		3E7E2AA4299E97D500BD8C8A /* LoginViewController.xib */ = {isa = PBXFileReference; lastKnownFileType = file.xib; path = LoginViewController.xib; sourceTree = "<group>"; };
		3E7E2AA7299EA40D00BD8C8A /* DelivererWebService.swift */ = {isa = PBXFileReference; lastKnownFileType = sourcecode.swift; path = DelivererWebService.swift; sourceTree = "<group>"; };
		3EEAA06C29A17F5100367478 /* DelivererViewController.swift */ = {isa = PBXFileReference; lastKnownFileType = sourcecode.swift; path = DelivererViewController.swift; sourceTree = "<group>"; };
		3EEAA06D29A17F5100367478 /* DelivererViewController.xib */ = {isa = PBXFileReference; lastKnownFileType = file.xib; path = DelivererViewController.xib; sourceTree = "<group>"; };
		3EEAA07029A7DD1900367478 /* DelivererCollectionViewCell.swift */ = {isa = PBXFileReference; lastKnownFileType = sourcecode.swift; path = DelivererCollectionViewCell.swift; sourceTree = "<group>"; };
		3EEAA07129A7DD1900367478 /* DelivererCollectionViewCell.xib */ = {isa = PBXFileReference; lastKnownFileType = file.xib; path = DelivererCollectionViewCell.xib; sourceTree = "<group>"; };
		3EEAA07429A90F8E00367478 /* ModalCreateDelivererViewController.swift */ = {isa = PBXFileReference; lastKnownFileType = sourcecode.swift; path = ModalCreateDelivererViewController.swift; sourceTree = "<group>"; };
		3EEAA07529A90F8E00367478 /* ModalCreateDelivererViewController.xib */ = {isa = PBXFileReference; lastKnownFileType = file.xib; path = ModalCreateDelivererViewController.xib; sourceTree = "<group>"; };
		3EEAA07C29A92C8100367478 /* ModalModifyDelivererViewController.swift */ = {isa = PBXFileReference; lastKnownFileType = sourcecode.swift; path = ModalModifyDelivererViewController.swift; sourceTree = "<group>"; };
		3EEAA07D29A92C8100367478 /* ModalModifyDelivererViewController.xib */ = {isa = PBXFileReference; lastKnownFileType = file.xib; path = ModalModifyDelivererViewController.xib; sourceTree = "<group>"; };
		3EEAA08029AA3C0300367478 /* AttachmentFile.swift */ = {isa = PBXFileReference; lastKnownFileType = sourcecode.swift; path = AttachmentFile.swift; sourceTree = "<group>"; };
		3EEAA08229AA817900367478 /* ToursTableViewCell.swift */ = {isa = PBXFileReference; lastKnownFileType = sourcecode.swift; path = ToursTableViewCell.swift; sourceTree = "<group>"; };
		3EEAA08329AA817900367478 /* ToursTableViewCell.xib */ = {isa = PBXFileReference; lastKnownFileType = file.xib; path = ToursTableViewCell.xib; sourceTree = "<group>"; };
		3EEAA08629AA987F00367478 /* DeliveryTourAPIService.swift */ = {isa = PBXFileReference; lastKnownFileType = sourcecode.swift; path = DeliveryTourAPIService.swift; sourceTree = "<group>"; };
		3EEAA08929AA98DE00367478 /* APIRequest.swift */ = {isa = PBXFileReference; lastKnownFileType = sourcecode.swift; path = APIRequest.swift; sourceTree = "<group>"; };
		3EEAA08B29AAC7FB00367478 /* ProofDeliveryViewController.swift */ = {isa = PBXFileReference; lastKnownFileType = sourcecode.swift; path = ProofDeliveryViewController.swift; sourceTree = "<group>"; };
		3EEAA08C29AAC7FB00367478 /* ProofDeliveryViewController.xib */ = {isa = PBXFileReference; lastKnownFileType = file.xib; path = ProofDeliveryViewController.xib; sourceTree = "<group>"; };
		3EEAA08F29AAD26600367478 /* ProofDeliveryCollectionViewCell.swift */ = {isa = PBXFileReference; lastKnownFileType = sourcecode.swift; path = ProofDeliveryCollectionViewCell.swift; sourceTree = "<group>"; };
		3EEAA09029AAD26600367478 /* ProofDeliveryCollectionViewCell.xib */ = {isa = PBXFileReference; lastKnownFileType = file.xib; path = ProofDeliveryCollectionViewCell.xib; sourceTree = "<group>"; };
/* End PBXFileReference section */

/* Begin PBXFrameworksBuildPhase section */
		1C1031862965DD89005512C6 /* Frameworks */ = {
			isa = PBXFrameworksBuildPhase;
			buildActionMask = 2147483647;
			files = (
			);
			runOnlyForDeploymentPostprocessing = 0;
		};
		1C10319C2965DD8A005512C6 /* Frameworks */ = {
			isa = PBXFrameworksBuildPhase;
			buildActionMask = 2147483647;
			files = (
			);
			runOnlyForDeploymentPostprocessing = 0;
		};
		1C1031A62965DD8A005512C6 /* Frameworks */ = {
			isa = PBXFrameworksBuildPhase;
			buildActionMask = 2147483647;
			files = (
			);
			runOnlyForDeploymentPostprocessing = 0;
		};
/* End PBXFrameworksBuildPhase section */

/* Begin PBXGroup section */
		1C1031802965DD89005512C6 = {
			isa = PBXGroup;
			children = (
				1C10318B2965DD89005512C6 /* SwishBoss */,
				1C1031A22965DD8A005512C6 /* SwishBossTests */,
				1C1031AC2965DD8A005512C6 /* SwishBossUITests */,
				1C10318A2965DD89005512C6 /* Products */,
			);
			sourceTree = "<group>";
		};
		1C10318A2965DD89005512C6 /* Products */ = {
			isa = PBXGroup;
			children = (
				1C1031892965DD89005512C6 /* SwishBoss.app */,
				1C10319F2965DD8A005512C6 /* SwishBossTests.xctest */,
				1C1031A92965DD8A005512C6 /* SwishBossUITests.xctest */,
			);
			name = Products;
			sourceTree = "<group>";
		};
		1C10318B2965DD89005512C6 /* SwishBoss */ = {
			isa = PBXGroup;
			children = (
				1C1031C52965EB97005512C6 /* Services */,
				1C1031C42965EB5F005512C6 /* Models */,
				1C1031C02965E821005512C6 /* Platforms */,
				1C10318C2965DD89005512C6 /* AppDelegate.swift */,
				1C1031952965DD8A005512C6 /* Assets.xcassets */,
				1C1031972965DD8A005512C6 /* LaunchScreen.storyboard */,
				1C10319A2965DD8A005512C6 /* Info.plist */,
				1C1031BC2965E409005512C6 /* HomeViewController.swift */,
				1C1031BD2965E409005512C6 /* HomeViewController.xib */,
				3E7E2AA3299E97D500BD8C8A /* LoginViewController.swift */,
				3E7E2AA4299E97D500BD8C8A /* LoginViewController.xib */,
				3EEAA06C29A17F5100367478 /* DelivererViewController.swift */,
				3EEAA06D29A17F5100367478 /* DelivererViewController.xib */,
				3EEAA07029A7DD1900367478 /* DelivererCollectionViewCell.swift */,
				3EEAA07129A7DD1900367478 /* DelivererCollectionViewCell.xib */,
				3EEAA07429A90F8E00367478 /* ModalCreateDelivererViewController.swift */,
				3EEAA07529A90F8E00367478 /* ModalCreateDelivererViewController.xib */,
				3EEAA07C29A92C8100367478 /* ModalModifyDelivererViewController.swift */,
				3EEAA07D29A92C8100367478 /* ModalModifyDelivererViewController.xib */,
				3EEAA08229AA817900367478 /* ToursTableViewCell.swift */,
				3EEAA08329AA817900367478 /* ToursTableViewCell.xib */,
				3EEAA08B29AAC7FB00367478 /* ProofDeliveryViewController.swift */,
				3EEAA08C29AAC7FB00367478 /* ProofDeliveryViewController.xib */,
				3EEAA08F29AAD26600367478 /* ProofDeliveryCollectionViewCell.swift */,
				3EEAA09029AAD26600367478 /* ProofDeliveryCollectionViewCell.xib */,
			);
			path = SwishBoss;
			sourceTree = "<group>";
		};
		1C1031A22965DD8A005512C6 /* SwishBossTests */ = {
			isa = PBXGroup;
			children = (
				1C1031A32965DD8A005512C6 /* SwishBossTests.swift */,
			);
			path = SwishBossTests;
			sourceTree = "<group>";
		};
		1C1031AC2965DD8A005512C6 /* SwishBossUITests */ = {
			isa = PBXGroup;
			children = (
				1C1031AD2965DD8A005512C6 /* SwishBossUITests.swift */,
				1C1031AF2965DD8A005512C6 /* SwishBossUITestsLaunchTests.swift */,
			);
			path = SwishBossUITests;
			sourceTree = "<group>";
		};
		1C1031C02965E821005512C6 /* Platforms */ = {
			isa = PBXGroup;
			children = (
				3EEAA08829AA98B200367478 /* API */,
				1C1031C12965E830005512C6 /* JSON */,
			);
			path = Platforms;
			sourceTree = "<group>";
		};
		1C1031C12965E830005512C6 /* JSON */ = {
			isa = PBXGroup;
			children = (
				1C1031C22965EB40005512C6 /* DeliveryTourJSONService.swift */,
			);
			path = JSON;
			sourceTree = "<group>";
		};
		1C1031C42965EB5F005512C6 /* Models */ = {
			isa = PBXGroup;
			children = (
				1C1031C62965EBBC005512C6 /* DeliveryTour.swift */,
				1C1031CA2965EDA6005512C6 /* Deliverer.swift */,
				1C1031CC2965EE00005512C6 /* Parcel.swift */,
				1C1031CF2965EF5E005512C6 /* Address.swift */,
				1C1031D12965F1BB005512C6 /* Image.swift */,
				3E7E2AA1299E975000BD8C8A /* Token.swift */,
				3EEAA08029AA3C0300367478 /* AttachmentFile.swift */,
			);
			path = Models;
			sourceTree = "<group>";
		};
		1C1031C52965EB97005512C6 /* Services */ = {
			isa = PBXGroup;
			children = (
				1C1031C82965EBE7005512C6 /* DeliveryTourService.swift */,
				3E7E2AA7299EA40D00BD8C8A /* DelivererWebService.swift */,
				3EEAA08629AA987F00367478 /* DeliveryTourAPIService.swift */,
			);
			path = Services;
			sourceTree = "<group>";
		};
		3EEAA08829AA98B200367478 /* API */ = {
			isa = PBXGroup;
			children = (
				3EEAA08929AA98DE00367478 /* APIRequest.swift */,
			);
			path = API;
			sourceTree = "<group>";
		};
/* End PBXGroup section */

/* Begin PBXNativeTarget section */
		1C1031882965DD89005512C6 /* SwishBoss */ = {
			isa = PBXNativeTarget;
			buildConfigurationList = 1C1031B32965DD8A005512C6 /* Build configuration list for PBXNativeTarget "SwishBoss" */;
			buildPhases = (
				1C1031852965DD89005512C6 /* Sources */,
				1C1031862965DD89005512C6 /* Frameworks */,
				1C1031872965DD89005512C6 /* Resources */,
			);
			buildRules = (
			);
			dependencies = (
			);
			name = SwishBoss;
			productName = SwishBoss;
			productReference = 1C1031892965DD89005512C6 /* SwishBoss.app */;
			productType = "com.apple.product-type.application";
		};
		1C10319E2965DD8A005512C6 /* SwishBossTests */ = {
			isa = PBXNativeTarget;
			buildConfigurationList = 1C1031B62965DD8A005512C6 /* Build configuration list for PBXNativeTarget "SwishBossTests" */;
			buildPhases = (
				1C10319B2965DD8A005512C6 /* Sources */,
				1C10319C2965DD8A005512C6 /* Frameworks */,
				1C10319D2965DD8A005512C6 /* Resources */,
			);
			buildRules = (
			);
			dependencies = (
				1C1031A12965DD8A005512C6 /* PBXTargetDependency */,
			);
			name = SwishBossTests;
			productName = SwishBossTests;
			productReference = 1C10319F2965DD8A005512C6 /* SwishBossTests.xctest */;
			productType = "com.apple.product-type.bundle.unit-test";
		};
		1C1031A82965DD8A005512C6 /* SwishBossUITests */ = {
			isa = PBXNativeTarget;
			buildConfigurationList = 1C1031B92965DD8A005512C6 /* Build configuration list for PBXNativeTarget "SwishBossUITests" */;
			buildPhases = (
				1C1031A52965DD8A005512C6 /* Sources */,
				1C1031A62965DD8A005512C6 /* Frameworks */,
				1C1031A72965DD8A005512C6 /* Resources */,
			);
			buildRules = (
			);
			dependencies = (
				1C1031AB2965DD8A005512C6 /* PBXTargetDependency */,
			);
			name = SwishBossUITests;
			productName = SwishBossUITests;
			productReference = 1C1031A92965DD8A005512C6 /* SwishBossUITests.xctest */;
			productType = "com.apple.product-type.bundle.ui-testing";
		};
/* End PBXNativeTarget section */

/* Begin PBXProject section */
		1C1031812965DD89005512C6 /* Project object */ = {
			isa = PBXProject;
			attributes = {
				BuildIndependentTargetsInParallel = 1;
				LastSwiftUpdateCheck = 1410;
				LastUpgradeCheck = 1410;
				TargetAttributes = {
					1C1031882965DD89005512C6 = {
						CreatedOnToolsVersion = 14.1;
					};
					1C10319E2965DD8A005512C6 = {
						CreatedOnToolsVersion = 14.1;
						TestTargetID = 1C1031882965DD89005512C6;
					};
					1C1031A82965DD8A005512C6 = {
						CreatedOnToolsVersion = 14.1;
						TestTargetID = 1C1031882965DD89005512C6;
					};
				};
			};
			buildConfigurationList = 1C1031842965DD89005512C6 /* Build configuration list for PBXProject "SwishBoss" */;
			compatibilityVersion = "Xcode 14.0";
			developmentRegion = en;
			hasScannedForEncodings = 0;
			knownRegions = (
				en,
				Base,
			);
			mainGroup = 1C1031802965DD89005512C6;
			productRefGroup = 1C10318A2965DD89005512C6 /* Products */;
			projectDirPath = "";
			projectRoot = "";
			targets = (
				1C1031882965DD89005512C6 /* SwishBoss */,
				1C10319E2965DD8A005512C6 /* SwishBossTests */,
				1C1031A82965DD8A005512C6 /* SwishBossUITests */,
			);
		};
/* End PBXProject section */

/* Begin PBXResourcesBuildPhase section */
		1C1031872965DD89005512C6 /* Resources */ = {
			isa = PBXResourcesBuildPhase;
			buildActionMask = 2147483647;
			files = (
				3E7E2AA6299E97D500BD8C8A /* LoginViewController.xib in Resources */,
				3EEAA07329A7DD1900367478 /* DelivererCollectionViewCell.xib in Resources */,
				1C1031992965DD8A005512C6 /* LaunchScreen.storyboard in Resources */,
				3EEAA08E29AAC7FB00367478 /* ProofDeliveryViewController.xib in Resources */,
				3EEAA06F29A17F5100367478 /* DelivererViewController.xib in Resources */,
				1C1031962965DD8A005512C6 /* Assets.xcassets in Resources */,
				3EEAA07F29A92C8100367478 /* ModalModifyDelivererViewController.xib in Resources */,
				3EEAA07729A90F8E00367478 /* ModalCreateDelivererViewController.xib in Resources */,
				3EEAA08529AA817900367478 /* ToursTableViewCell.xib in Resources */,
				1C1031BF2965E409005512C6 /* HomeViewController.xib in Resources */,
				3EEAA09229AAD26600367478 /* ProofDeliveryCollectionViewCell.xib in Resources */,
			);
			runOnlyForDeploymentPostprocessing = 0;
		};
		1C10319D2965DD8A005512C6 /* Resources */ = {
			isa = PBXResourcesBuildPhase;
			buildActionMask = 2147483647;
			files = (
			);
			runOnlyForDeploymentPostprocessing = 0;
		};
		1C1031A72965DD8A005512C6 /* Resources */ = {
			isa = PBXResourcesBuildPhase;
			buildActionMask = 2147483647;
			files = (
			);
			runOnlyForDeploymentPostprocessing = 0;
		};
/* End PBXResourcesBuildPhase section */

/* Begin PBXSourcesBuildPhase section */
		1C1031852965DD89005512C6 /* Sources */ = {
			isa = PBXSourcesBuildPhase;
			buildActionMask = 2147483647;
			files = (
				1C1031C32965EB40005512C6 /* DeliveryTourJSONService.swift in Sources */,
				3EEAA08129AA3C0300367478 /* AttachmentFile.swift in Sources */,
				3EEAA06E29A17F5100367478 /* DelivererViewController.swift in Sources */,
				3E7E2AA2299E975000BD8C8A /* Token.swift in Sources */,
				1C1031D22965F1BB005512C6 /* Image.swift in Sources */,
				1C1031C92965EBE7005512C6 /* DeliveryTourService.swift in Sources */,
				3EEAA07229A7DD1900367478 /* DelivererCollectionViewCell.swift in Sources */,
				3EEAA08729AA987F00367478 /* DeliveryTourAPIService.swift in Sources */,
				3EEAA08429AA817900367478 /* ToursTableViewCell.swift in Sources */,
				1C10318D2965DD89005512C6 /* AppDelegate.swift in Sources */,
				1C1031BE2965E409005512C6 /* HomeViewController.swift in Sources */,
				3EEAA08D29AAC7FB00367478 /* ProofDeliveryViewController.swift in Sources */,
				1C1031CB2965EDA6005512C6 /* Deliverer.swift in Sources */,
				3EEAA07E29A92C8100367478 /* ModalModifyDelivererViewController.swift in Sources */,
				1C1031C72965EBBC005512C6 /* DeliveryTour.swift in Sources */,
				3EEAA09129AAD26600367478 /* ProofDeliveryCollectionViewCell.swift in Sources */,
				3EEAA07629A90F8E00367478 /* ModalCreateDelivererViewController.swift in Sources */,
				1C1031D02965EF5E005512C6 /* Address.swift in Sources */,
				3E7E2AA8299EA40D00BD8C8A /* DelivererWebService.swift in Sources */,
				1C1031CD2965EE00005512C6 /* Parcel.swift in Sources */,
				3EEAA08A29AA98DE00367478 /* APIRequest.swift in Sources */,
				3E7E2AA5299E97D500BD8C8A /* LoginViewController.swift in Sources */,
			);
			runOnlyForDeploymentPostprocessing = 0;
		};
		1C10319B2965DD8A005512C6 /* Sources */ = {
			isa = PBXSourcesBuildPhase;
			buildActionMask = 2147483647;
			files = (
				1C1031A42965DD8A005512C6 /* SwishBossTests.swift in Sources */,
			);
			runOnlyForDeploymentPostprocessing = 0;
		};
		1C1031A52965DD8A005512C6 /* Sources */ = {
			isa = PBXSourcesBuildPhase;
			buildActionMask = 2147483647;
			files = (
				1C1031B02965DD8A005512C6 /* SwishBossUITestsLaunchTests.swift in Sources */,
				1C1031AE2965DD8A005512C6 /* SwishBossUITests.swift in Sources */,
			);
			runOnlyForDeploymentPostprocessing = 0;
		};
/* End PBXSourcesBuildPhase section */

/* Begin PBXTargetDependency section */
		1C1031A12965DD8A005512C6 /* PBXTargetDependency */ = {
			isa = PBXTargetDependency;
			target = 1C1031882965DD89005512C6 /* SwishBoss */;
			targetProxy = 1C1031A02965DD8A005512C6 /* PBXContainerItemProxy */;
		};
		1C1031AB2965DD8A005512C6 /* PBXTargetDependency */ = {
			isa = PBXTargetDependency;
			target = 1C1031882965DD89005512C6 /* SwishBoss */;
			targetProxy = 1C1031AA2965DD8A005512C6 /* PBXContainerItemProxy */;
		};
/* End PBXTargetDependency section */

/* Begin PBXVariantGroup section */
		1C1031972965DD8A005512C6 /* LaunchScreen.storyboard */ = {
			isa = PBXVariantGroup;
			children = (
				1C1031982965DD8A005512C6 /* Base */,
			);
			name = LaunchScreen.storyboard;
			sourceTree = "<group>";
		};
/* End PBXVariantGroup section */

/* Begin XCBuildConfiguration section */
		1C1031B12965DD8A005512C6 /* Debug */ = {
			isa = XCBuildConfiguration;
			buildSettings = {
				ALWAYS_SEARCH_USER_PATHS = NO;
				CLANG_ANALYZER_NONNULL = YES;
				CLANG_ANALYZER_NUMBER_OBJECT_CONVERSION = YES_AGGRESSIVE;
				CLANG_CXX_LANGUAGE_STANDARD = "gnu++20";
				CLANG_ENABLE_MODULES = YES;
				CLANG_ENABLE_OBJC_ARC = YES;
				CLANG_ENABLE_OBJC_WEAK = YES;
				CLANG_WARN_BLOCK_CAPTURE_AUTORELEASING = YES;
				CLANG_WARN_BOOL_CONVERSION = YES;
				CLANG_WARN_COMMA = YES;
				CLANG_WARN_CONSTANT_CONVERSION = YES;
				CLANG_WARN_DEPRECATED_OBJC_IMPLEMENTATIONS = YES;
				CLANG_WARN_DIRECT_OBJC_ISA_USAGE = YES_ERROR;
				CLANG_WARN_DOCUMENTATION_COMMENTS = YES;
				CLANG_WARN_EMPTY_BODY = YES;
				CLANG_WARN_ENUM_CONVERSION = YES;
				CLANG_WARN_INFINITE_RECURSION = YES;
				CLANG_WARN_INT_CONVERSION = YES;
				CLANG_WARN_NON_LITERAL_NULL_CONVERSION = YES;
				CLANG_WARN_OBJC_IMPLICIT_RETAIN_SELF = YES;
				CLANG_WARN_OBJC_LITERAL_CONVERSION = YES;
				CLANG_WARN_OBJC_ROOT_CLASS = YES_ERROR;
				CLANG_WARN_QUOTED_INCLUDE_IN_FRAMEWORK_HEADER = YES;
				CLANG_WARN_RANGE_LOOP_ANALYSIS = YES;
				CLANG_WARN_STRICT_PROTOTYPES = YES;
				CLANG_WARN_SUSPICIOUS_MOVE = YES;
				CLANG_WARN_UNGUARDED_AVAILABILITY = YES_AGGRESSIVE;
				CLANG_WARN_UNREACHABLE_CODE = YES;
				CLANG_WARN__DUPLICATE_METHOD_MATCH = YES;
				COPY_PHASE_STRIP = NO;
				DEBUG_INFORMATION_FORMAT = dwarf;
				ENABLE_STRICT_OBJC_MSGSEND = YES;
				ENABLE_TESTABILITY = YES;
				GCC_C_LANGUAGE_STANDARD = gnu11;
				GCC_DYNAMIC_NO_PIC = NO;
				GCC_NO_COMMON_BLOCKS = YES;
				GCC_OPTIMIZATION_LEVEL = 0;
				GCC_PREPROCESSOR_DEFINITIONS = (
					"DEBUG=1",
					"$(inherited)",
				);
				GCC_WARN_64_TO_32_BIT_CONVERSION = YES;
				GCC_WARN_ABOUT_RETURN_TYPE = YES_ERROR;
				GCC_WARN_UNDECLARED_SELECTOR = YES;
				GCC_WARN_UNINITIALIZED_AUTOS = YES_AGGRESSIVE;
				GCC_WARN_UNUSED_FUNCTION = YES;
				GCC_WARN_UNUSED_VARIABLE = YES;
				IPHONEOS_DEPLOYMENT_TARGET = 16.1;
				MTL_ENABLE_DEBUG_INFO = INCLUDE_SOURCE;
				MTL_FAST_MATH = YES;
				ONLY_ACTIVE_ARCH = YES;
				SDKROOT = iphoneos;
				SWIFT_ACTIVE_COMPILATION_CONDITIONS = DEBUG;
				SWIFT_OPTIMIZATION_LEVEL = "-Onone";
			};
			name = Debug;
		};
		1C1031B22965DD8A005512C6 /* Release */ = {
			isa = XCBuildConfiguration;
			buildSettings = {
				ALWAYS_SEARCH_USER_PATHS = NO;
				CLANG_ANALYZER_NONNULL = YES;
				CLANG_ANALYZER_NUMBER_OBJECT_CONVERSION = YES_AGGRESSIVE;
				CLANG_CXX_LANGUAGE_STANDARD = "gnu++20";
				CLANG_ENABLE_MODULES = YES;
				CLANG_ENABLE_OBJC_ARC = YES;
				CLANG_ENABLE_OBJC_WEAK = YES;
				CLANG_WARN_BLOCK_CAPTURE_AUTORELEASING = YES;
				CLANG_WARN_BOOL_CONVERSION = YES;
				CLANG_WARN_COMMA = YES;
				CLANG_WARN_CONSTANT_CONVERSION = YES;
				CLANG_WARN_DEPRECATED_OBJC_IMPLEMENTATIONS = YES;
				CLANG_WARN_DIRECT_OBJC_ISA_USAGE = YES_ERROR;
				CLANG_WARN_DOCUMENTATION_COMMENTS = YES;
				CLANG_WARN_EMPTY_BODY = YES;
				CLANG_WARN_ENUM_CONVERSION = YES;
				CLANG_WARN_INFINITE_RECURSION = YES;
				CLANG_WARN_INT_CONVERSION = YES;
				CLANG_WARN_NON_LITERAL_NULL_CONVERSION = YES;
				CLANG_WARN_OBJC_IMPLICIT_RETAIN_SELF = YES;
				CLANG_WARN_OBJC_LITERAL_CONVERSION = YES;
				CLANG_WARN_OBJC_ROOT_CLASS = YES_ERROR;
				CLANG_WARN_QUOTED_INCLUDE_IN_FRAMEWORK_HEADER = YES;
				CLANG_WARN_RANGE_LOOP_ANALYSIS = YES;
				CLANG_WARN_STRICT_PROTOTYPES = YES;
				CLANG_WARN_SUSPICIOUS_MOVE = YES;
				CLANG_WARN_UNGUARDED_AVAILABILITY = YES_AGGRESSIVE;
				CLANG_WARN_UNREACHABLE_CODE = YES;
				CLANG_WARN__DUPLICATE_METHOD_MATCH = YES;
				COPY_PHASE_STRIP = NO;
				DEBUG_INFORMATION_FORMAT = "dwarf-with-dsym";
				ENABLE_NS_ASSERTIONS = NO;
				ENABLE_STRICT_OBJC_MSGSEND = YES;
				GCC_C_LANGUAGE_STANDARD = gnu11;
				GCC_NO_COMMON_BLOCKS = YES;
				GCC_WARN_64_TO_32_BIT_CONVERSION = YES;
				GCC_WARN_ABOUT_RETURN_TYPE = YES_ERROR;
				GCC_WARN_UNDECLARED_SELECTOR = YES;
				GCC_WARN_UNINITIALIZED_AUTOS = YES_AGGRESSIVE;
				GCC_WARN_UNUSED_FUNCTION = YES;
				GCC_WARN_UNUSED_VARIABLE = YES;
				IPHONEOS_DEPLOYMENT_TARGET = 16.1;
				MTL_ENABLE_DEBUG_INFO = NO;
				MTL_FAST_MATH = YES;
				SDKROOT = iphoneos;
				SWIFT_COMPILATION_MODE = wholemodule;
				SWIFT_OPTIMIZATION_LEVEL = "-O";
				VALIDATE_PRODUCT = YES;
			};
			name = Release;
		};
		1C1031B42965DD8A005512C6 /* Debug */ = {
			isa = XCBuildConfiguration;
			buildSettings = {
				ASSETCATALOG_COMPILER_APPICON_NAME = AppIcon;
				ASSETCATALOG_COMPILER_GLOBAL_ACCENT_COLOR_NAME = AccentColor;
				CODE_SIGN_STYLE = Automatic;
				CURRENT_PROJECT_VERSION = 1;
				GENERATE_INFOPLIST_FILE = YES;
				INFOPLIST_FILE = SwishBoss/Info.plist;
				INFOPLIST_KEY_UIApplicationSupportsIndirectInputEvents = YES;
				INFOPLIST_KEY_UILaunchStoryboardName = LaunchScreen;
				INFOPLIST_KEY_UISupportedInterfaceOrientations = "UIInterfaceOrientationLandscapeLeft UIInterfaceOrientationLandscapeRight UIInterfaceOrientationPortrait";
				INFOPLIST_KEY_UISupportedInterfaceOrientations_iPad = "UIInterfaceOrientationLandscapeLeft UIInterfaceOrientationLandscapeRight";
				LD_RUNPATH_SEARCH_PATHS = (
					"$(inherited)",
					"@executable_path/Frameworks",
				);
				MARKETING_VERSION = 1.0;
				PRODUCT_BUNDLE_IDENTIFIER = com.timdev.SwishBoss;
				PRODUCT_NAME = "$(TARGET_NAME)";
				SUPPORTED_PLATFORMS = "iphoneos iphonesimulator";
				SUPPORTS_MACCATALYST = NO;
				SUPPORTS_MAC_DESIGNED_FOR_IPHONE_IPAD = NO;
				SWIFT_EMIT_LOC_STRINGS = YES;
				SWIFT_VERSION = 5.0;
				TARGETED_DEVICE_FAMILY = 2;
			};
			name = Debug;
		};
		1C1031B52965DD8A005512C6 /* Release */ = {
			isa = XCBuildConfiguration;
			buildSettings = {
				ASSETCATALOG_COMPILER_APPICON_NAME = AppIcon;
				ASSETCATALOG_COMPILER_GLOBAL_ACCENT_COLOR_NAME = AccentColor;
				CODE_SIGN_STYLE = Automatic;
				CURRENT_PROJECT_VERSION = 1;
				GENERATE_INFOPLIST_FILE = YES;
				INFOPLIST_FILE = SwishBoss/Info.plist;
				INFOPLIST_KEY_UIApplicationSupportsIndirectInputEvents = YES;
				INFOPLIST_KEY_UILaunchStoryboardName = LaunchScreen;
				INFOPLIST_KEY_UISupportedInterfaceOrientations = "UIInterfaceOrientationLandscapeLeft UIInterfaceOrientationLandscapeRight UIInterfaceOrientationPortrait";
				INFOPLIST_KEY_UISupportedInterfaceOrientations_iPad = "UIInterfaceOrientationLandscapeLeft UIInterfaceOrientationLandscapeRight";
				LD_RUNPATH_SEARCH_PATHS = (
					"$(inherited)",
					"@executable_path/Frameworks",
				);
				MARKETING_VERSION = 1.0;
				PRODUCT_BUNDLE_IDENTIFIER = com.timdev.SwishBoss;
				PRODUCT_NAME = "$(TARGET_NAME)";
				SUPPORTED_PLATFORMS = "iphoneos iphonesimulator";
				SUPPORTS_MACCATALYST = NO;
				SUPPORTS_MAC_DESIGNED_FOR_IPHONE_IPAD = NO;
				SWIFT_EMIT_LOC_STRINGS = YES;
				SWIFT_VERSION = 5.0;
				TARGETED_DEVICE_FAMILY = 2;
			};
			name = Release;
		};
		1C1031B72965DD8A005512C6 /* Debug */ = {
			isa = XCBuildConfiguration;
			buildSettings = {
				ALWAYS_EMBED_SWIFT_STANDARD_LIBRARIES = YES;
				BUNDLE_LOADER = "$(TEST_HOST)";
				CODE_SIGN_STYLE = Automatic;
				CURRENT_PROJECT_VERSION = 1;
				GENERATE_INFOPLIST_FILE = YES;
				IPHONEOS_DEPLOYMENT_TARGET = 16.1;
				MARKETING_VERSION = 1.0;
				PRODUCT_BUNDLE_IDENTIFIER = com.timdev.SwishBossTests;
				PRODUCT_NAME = "$(TARGET_NAME)";
				SWIFT_EMIT_LOC_STRINGS = NO;
				SWIFT_VERSION = 5.0;
				TARGETED_DEVICE_FAMILY = "1,2";
				TEST_HOST = "$(BUILT_PRODUCTS_DIR)/SwishBoss.app/$(BUNDLE_EXECUTABLE_FOLDER_PATH)/SwishBoss";
			};
			name = Debug;
		};
		1C1031B82965DD8A005512C6 /* Release */ = {
			isa = XCBuildConfiguration;
			buildSettings = {
				ALWAYS_EMBED_SWIFT_STANDARD_LIBRARIES = YES;
				BUNDLE_LOADER = "$(TEST_HOST)";
				CODE_SIGN_STYLE = Automatic;
				CURRENT_PROJECT_VERSION = 1;
				GENERATE_INFOPLIST_FILE = YES;
				IPHONEOS_DEPLOYMENT_TARGET = 16.1;
				MARKETING_VERSION = 1.0;
				PRODUCT_BUNDLE_IDENTIFIER = com.timdev.SwishBossTests;
				PRODUCT_NAME = "$(TARGET_NAME)";
				SWIFT_EMIT_LOC_STRINGS = NO;
				SWIFT_VERSION = 5.0;
				TARGETED_DEVICE_FAMILY = "1,2";
				TEST_HOST = "$(BUILT_PRODUCTS_DIR)/SwishBoss.app/$(BUNDLE_EXECUTABLE_FOLDER_PATH)/SwishBoss";
			};
			name = Release;
		};
		1C1031BA2965DD8A005512C6 /* Debug */ = {
			isa = XCBuildConfiguration;
			buildSettings = {
				ALWAYS_EMBED_SWIFT_STANDARD_LIBRARIES = YES;
				CODE_SIGN_STYLE = Automatic;
				CURRENT_PROJECT_VERSION = 1;
				GENERATE_INFOPLIST_FILE = YES;
				MARKETING_VERSION = 1.0;
				PRODUCT_BUNDLE_IDENTIFIER = com.timdev.SwishBossUITests;
				PRODUCT_NAME = "$(TARGET_NAME)";
				SWIFT_EMIT_LOC_STRINGS = NO;
				SWIFT_VERSION = 5.0;
				TARGETED_DEVICE_FAMILY = "1,2";
				TEST_TARGET_NAME = SwishBoss;
			};
			name = Debug;
		};
		1C1031BB2965DD8A005512C6 /* Release */ = {
			isa = XCBuildConfiguration;
			buildSettings = {
				ALWAYS_EMBED_SWIFT_STANDARD_LIBRARIES = YES;
				CODE_SIGN_STYLE = Automatic;
				CURRENT_PROJECT_VERSION = 1;
				GENERATE_INFOPLIST_FILE = YES;
				MARKETING_VERSION = 1.0;
				PRODUCT_BUNDLE_IDENTIFIER = com.timdev.SwishBossUITests;
				PRODUCT_NAME = "$(TARGET_NAME)";
				SWIFT_EMIT_LOC_STRINGS = NO;
				SWIFT_VERSION = 5.0;
				TARGETED_DEVICE_FAMILY = "1,2";
				TEST_TARGET_NAME = SwishBoss;
			};
			name = Release;
		};
/* End XCBuildConfiguration section */

/* Begin XCConfigurationList section */
		1C1031842965DD89005512C6 /* Build configuration list for PBXProject "SwishBoss" */ = {
			isa = XCConfigurationList;
			buildConfigurations = (
				1C1031B12965DD8A005512C6 /* Debug */,
				1C1031B22965DD8A005512C6 /* Release */,
			);
			defaultConfigurationIsVisible = 0;
			defaultConfigurationName = Release;
		};
		1C1031B32965DD8A005512C6 /* Build configuration list for PBXNativeTarget "SwishBoss" */ = {
			isa = XCConfigurationList;
			buildConfigurations = (
				1C1031B42965DD8A005512C6 /* Debug */,
				1C1031B52965DD8A005512C6 /* Release */,
			);
			defaultConfigurationIsVisible = 0;
			defaultConfigurationName = Release;
		};
		1C1031B62965DD8A005512C6 /* Build configuration list for PBXNativeTarget "SwishBossTests" */ = {
			isa = XCConfigurationList;
			buildConfigurations = (
				1C1031B72965DD8A005512C6 /* Debug */,
				1C1031B82965DD8A005512C6 /* Release */,
			);
			defaultConfigurationIsVisible = 0;
			defaultConfigurationName = Release;
		};
		1C1031B92965DD8A005512C6 /* Build configuration list for PBXNativeTarget "SwishBossUITests" */ = {
			isa = XCConfigurationList;
			buildConfigurations = (
				1C1031BA2965DD8A005512C6 /* Debug */,
				1C1031BB2965DD8A005512C6 /* Release */,
			);
			defaultConfigurationIsVisible = 0;
			defaultConfigurationName = Release;
		};
/* End XCConfigurationList section */
	};
	rootObject = 1C1031812965DD89005512C6 /* Project object */;
}
